
Microsoft Visual Studio Solution File, Format Version 12.00
# Visual Studio 15
VisualStudioVersion = 15.0.27004.2002
MinimumVisualStudioVersion = 10.0.40219.1
Project("{FAE04EC0-301F-11D3-BF4B-00C04F79EFBC}") = "XmlPedroAmorim", "XmlPedroAmorim\XmlPedroAmorim.csproj", "{98AD8569-9819-4033-8468-3F9B9C65EC7B}"
EndProject
Global
	GlobalSection(SolutionConfigurationPlatforms) = preSolution
		Debug|Any CPU = Debug|Any CPU
		Release|Any CPU = Release|Any CPU
	EndGlobalSection
	GlobalSection(ProjectConfigurationPlatforms) = postSolution
		{98AD8569-9819-4033-8468-3F9B9C65EC7B}.Debug|Any CPU.ActiveCfg = Debug|Any CPU
		{98AD8569-9819-4033-8468-3F9B9C65EC7B}.Debug|Any CPU.Build.0 = Debug|Any CPU
		{98AD8569-9819-4033-8468-3F9B9C65EC7B}.Release|Any CPU.ActiveCfg = Release|Any CPU
		{98AD8569-9819-4033-8468-3F9B9C65EC7B}.Release|Any CPU.Build.0 = Release|Any CPU
	EndGlobalSection
	GlobalSection(SolutionProperties) = preSolution
		HideSolutionNode = FALSE
	EndGlobalSection
	GlobalSection(ExtensibilityGlobals) = postSolution
		SolutionGuid = {413BFA37-457D-4DE8-88D8-CE2858A84E1C}
	EndGlobalSection
EndGlobal
