
Microsoft Visual Studio Solution File, Format Version 12.00
# Visual Studio 15
VisualStudioVersion = 15.0.27004.2005
MinimumVisualStudioVersion = 10.0.40219.1
Project("{FAE04EC0-301F-11D3-BF4B-00C04F79EFBC}") = "InverterPedroAmorim", "InverterPedroAmorim\InverterPedroAmorim.csproj", "{D082C949-9E9E-4BDC-AEA9-C499080840F3}"
EndProject
Global
	GlobalSection(SolutionConfigurationPlatforms) = preSolution
		Debug|Any CPU = Debug|Any CPU
		Release|Any CPU = Release|Any CPU
	EndGlobalSection
	GlobalSection(ProjectConfigurationPlatforms) = postSolution
		{D082C949-9E9E-4BDC-AEA9-C499080840F3}.Debug|Any CPU.ActiveCfg = Debug|Any CPU
		{D082C949-9E9E-4BDC-AEA9-C499080840F3}.Debug|Any CPU.Build.0 = Debug|Any CPU
		{D082C949-9E9E-4BDC-AEA9-C499080840F3}.Release|Any CPU.ActiveCfg = Release|Any CPU
		{D082C949-9E9E-4BDC-AEA9-C499080840F3}.Release|Any CPU.Build.0 = Release|Any CPU
	EndGlobalSection
	GlobalSection(SolutionProperties) = preSolution
		HideSolutionNode = FALSE
	EndGlobalSection
	GlobalSection(ExtensibilityGlobals) = postSolution
		SolutionGuid = {90C24FA9-C42E-4139-A556-5C4B17F54928}
	EndGlobalSection
EndGlobal
